// !$*UTF8*$!
{
	archiveVersion = 1;
	classes = {
	};
	objectVersion = 55;
	objects = {

/* Begin PBXBuildFile section */
		7CDFB87028B670B400C6BF63 /* AppDelegate.swift in Sources */ = {isa = PBXBuildFile; fileRef = 7CDFB86F28B670B400C6BF63 /* AppDelegate.swift */; };
		7CDFB87228B670B400C6BF63 /* SceneDelegate.swift in Sources */ = {isa = PBXBuildFile; fileRef = 7CDFB87128B670B400C6BF63 /* SceneDelegate.swift */; };
		7CDFB87428B670B400C6BF63 /* ViewController.swift in Sources */ = {isa = PBXBuildFile; fileRef = 7CDFB87328B670B400C6BF63 /* ViewController.swift */; };
		7CDFB87728B670B400C6BF63 /* Main.storyboard in Resources */ = {isa = PBXBuildFile; fileRef = 7CDFB87528B670B400C6BF63 /* Main.storyboard */; };
		7CDFB87A28B670B400C6BF63 /* Garments.xcdatamodeld in Sources */ = {isa = PBXBuildFile; fileRef = 7CDFB87828B670B400C6BF63 /* Garments.xcdatamodeld */; };
		7CDFB87C28B670B600C6BF63 /* Assets.xcassets in Resources */ = {isa = PBXBuildFile; fileRef = 7CDFB87B28B670B600C6BF63 /* Assets.xcassets */; };
		7CDFB87F28B670B600C6BF63 /* LaunchScreen.storyboard in Resources */ = {isa = PBXBuildFile; fileRef = 7CDFB87D28B670B600C6BF63 /* LaunchScreen.storyboard */; };
		7CDFB88A28B670B600C6BF63 /* GarmentsTests.swift in Sources */ = {isa = PBXBuildFile; fileRef = 7CDFB88928B670B600C6BF63 /* GarmentsTests.swift */; };
		7CDFB89428B670B600C6BF63 /* GarmentsUITests.swift in Sources */ = {isa = PBXBuildFile; fileRef = 7CDFB89328B670B600C6BF63 /* GarmentsUITests.swift */; };
		7CDFB89628B670B600C6BF63 /* GarmentsUITestsLaunchTests.swift in Sources */ = {isa = PBXBuildFile; fileRef = 7CDFB89528B670B600C6BF63 /* GarmentsUITestsLaunchTests.swift */; };
/* End PBXBuildFile section */

/* Begin PBXContainerItemProxy section */
		7CDFB88628B670B600C6BF63 /* PBXContainerItemProxy */ = {
			isa = PBXContainerItemProxy;
			containerPortal = 7CDFB86428B670B400C6BF63 /* Project object */;
			proxyType = 1;
			remoteGlobalIDString = 7CDFB86B28B670B400C6BF63;
			remoteInfo = Garments;
		};
		7CDFB89028B670B600C6BF63 /* PBXContainerItemProxy */ = {
			isa = PBXContainerItemProxy;
			containerPortal = 7CDFB86428B670B400C6BF63 /* Project object */;
			proxyType = 1;
			remoteGlobalIDString = 7CDFB86B28B670B400C6BF63;
			remoteInfo = Garments;
		};
/* End PBXContainerItemProxy section */

/* Begin PBXFileReference section */
		7CDFB86C28B670B400C6BF63 /* Garments.app */ = {isa = PBXFileReference; explicitFileType = wrapper.application; includeInIndex = 0; path = Garments.app; sourceTree = BUILT_PRODUCTS_DIR; };
		7CDFB86F28B670B400C6BF63 /* AppDelegate.swift */ = {isa = PBXFileReference; lastKnownFileType = sourcecode.swift; path = AppDelegate.swift; sourceTree = "<group>"; };
		7CDFB87128B670B400C6BF63 /* SceneDelegate.swift */ = {isa = PBXFileReference; lastKnownFileType = sourcecode.swift; path = SceneDelegate.swift; sourceTree = "<group>"; };
		7CDFB87328B670B400C6BF63 /* ViewController.swift */ = {isa = PBXFileReference; lastKnownFileType = sourcecode.swift; path = ViewController.swift; sourceTree = "<group>"; };
		7CDFB87628B670B400C6BF63 /* Base */ = {isa = PBXFileReference; lastKnownFileType = file.storyboard; name = Base; path = Base.lproj/Main.storyboard; sourceTree = "<group>"; };
		7CDFB87928B670B400C6BF63 /* Garments.xcdatamodel */ = {isa = PBXFileReference; lastKnownFileType = wrapper.xcdatamodel; path = Garments.xcdatamodel; sourceTree = "<group>"; };
		7CDFB87B28B670B600C6BF63 /* Assets.xcassets */ = {isa = PBXFileReference; lastKnownFileType = folder.assetcatalog; path = Assets.xcassets; sourceTree = "<group>"; };
		7CDFB87E28B670B600C6BF63 /* Base */ = {isa = PBXFileReference; lastKnownFileType = file.storyboard; name = Base; path = Base.lproj/LaunchScreen.storyboard; sourceTree = "<group>"; };
		7CDFB88028B670B600C6BF63 /* Info.plist */ = {isa = PBXFileReference; lastKnownFileType = text.plist.xml; path = Info.plist; sourceTree = "<group>"; };
		7CDFB88528B670B600C6BF63 /* GarmentsTests.xctest */ = {isa = PBXFileReference; explicitFileType = wrapper.cfbundle; includeInIndex = 0; path = GarmentsTests.xctest; sourceTree = BUILT_PRODUCTS_DIR; };
		7CDFB88928B670B600C6BF63 /* GarmentsTests.swift */ = {isa = PBXFileReference; lastKnownFileType = sourcecode.swift; path = GarmentsTests.swift; sourceTree = "<group>"; };
		7CDFB88F28B670B600C6BF63 /* GarmentsUITests.xctest */ = {isa = PBXFileReference; explicitFileType = wrapper.cfbundle; includeInIndex = 0; path = GarmentsUITests.xctest; sourceTree = BUILT_PRODUCTS_DIR; };
		7CDFB89328B670B600C6BF63 /* GarmentsUITests.swift */ = {isa = PBXFileReference; lastKnownFileType = sourcecode.swift; path = GarmentsUITests.swift; sourceTree = "<group>"; };
		7CDFB89528B670B600C6BF63 /* GarmentsUITestsLaunchTests.swift */ = {isa = PBXFileReference; lastKnownFileType = sourcecode.swift; path = GarmentsUITestsLaunchTests.swift; sourceTree = "<group>"; };
/* End PBXFileReference section */

/* Begin PBXFrameworksBuildPhase section */
		7CDFB86928B670B400C6BF63 /* Frameworks */ = {
			isa = PBXFrameworksBuildPhase;
			buildActionMask = 2147483647;
			files = (
			);
			runOnlyForDeploymentPostprocessing = 0;
		};
		7CDFB88228B670B600C6BF63 /* Frameworks */ = {
			isa = PBXFrameworksBuildPhase;
			buildActionMask = 2147483647;
			files = (
			);
			runOnlyForDeploymentPostprocessing = 0;
		};
		7CDFB88C28B670B600C6BF63 /* Frameworks */ = {
			isa = PBXFrameworksBuildPhase;
			buildActionMask = 2147483647;
			files = (
			);
			runOnlyForDeploymentPostprocessing = 0;
		};
/* End PBXFrameworksBuildPhase section */

/* Begin PBXGroup section */
		7CDFB86328B670B400C6BF63 = {
			isa = PBXGroup;
			children = (
				7CDFB86E28B670B400C6BF63 /* Garments */,
				7CDFB88828B670B600C6BF63 /* GarmentsTests */,
				7CDFB89228B670B600C6BF63 /* GarmentsUITests */,
				7CDFB86D28B670B400C6BF63 /* Products */,
			);
			sourceTree = "<group>";
		};
		7CDFB86D28B670B400C6BF63 /* Products */ = {
			isa = PBXGroup;
			children = (
				7CDFB86C28B670B400C6BF63 /* Garments.app */,
				7CDFB88528B670B600C6BF63 /* GarmentsTests.xctest */,
				7CDFB88F28B670B600C6BF63 /* GarmentsUITests.xctest */,
			);
			name = Products;
			sourceTree = "<group>";
		};
		7CDFB86E28B670B400C6BF63 /* Garments */ = {
			isa = PBXGroup;
			children = (
				7CDFB8A428B6723000C6BF63 /* StoryBoards */,
				7CDFB8A328B6722600C6BF63 /* Controllers */,
				7CDFB8A228B6713700C6BF63 /* Config */,
				7CDFB87328B670B400C6BF63 /* ViewController.swift */,
				7CDFB87B28B670B600C6BF63 /* Assets.xcassets */,
				7CDFB87D28B670B600C6BF63 /* LaunchScreen.storyboard */,
				7CDFB88028B670B600C6BF63 /* Info.plist */,
				7CDFB87828B670B400C6BF63 /* Garments.xcdatamodeld */,
			);
			path = Garments;
			sourceTree = "<group>";
		};
		7CDFB88828B670B600C6BF63 /* GarmentsTests */ = {
			isa = PBXGroup;
			children = (
				7CDFB88928B670B600C6BF63 /* GarmentsTests.swift */,
			);
			path = GarmentsTests;
			sourceTree = "<group>";
		};
		7CDFB89228B670B600C6BF63 /* GarmentsUITests */ = {
			isa = PBXGroup;
			children = (
				7CDFB89328B670B600C6BF63 /* GarmentsUITests.swift */,
				7CDFB89528B670B600C6BF63 /* GarmentsUITestsLaunchTests.swift */,
			);
			path = GarmentsUITests;
			sourceTree = "<group>";
		};
		7CDFB8A228B6713700C6BF63 /* Config */ = {
			isa = PBXGroup;
			children = (
				7CDFB86F28B670B400C6BF63 /* AppDelegate.swift */,
				7CDFB87128B670B400C6BF63 /* SceneDelegate.swift */,
			);
			path = Config;
			sourceTree = "<group>";
		};
		7CDFB8A328B6722600C6BF63 /* Controllers */ = {
			isa = PBXGroup;
			children = (
			);
			path = Controllers;
			sourceTree = "<group>";
		};
		7CDFB8A428B6723000C6BF63 /* StoryBoards */ = {
			isa = PBXGroup;
			children = (
				7CDFB87528B670B400C6BF63 /* Main.storyboard */,
			);
			path = StoryBoards;
			sourceTree = "<group>";
		};
/* End PBXGroup section */

/* Begin PBXNativeTarget section */
		7CDFB86B28B670B400C6BF63 /* Garments */ = {
			isa = PBXNativeTarget;
			buildConfigurationList = 7CDFB89928B670B600C6BF63 /* Build configuration list for PBXNativeTarget "Garments" */;
			buildPhases = (
				7CDFB86828B670B400C6BF63 /* Sources */,
				7CDFB86928B670B400C6BF63 /* Frameworks */,
				7CDFB86A28B670B400C6BF63 /* Resources */,
			);
			buildRules = (
			);
			dependencies = (
			);
			name = Garments;
			productName = Garments;
			productReference = 7CDFB86C28B670B400C6BF63 /* Garments.app */;
			productType = "com.apple.product-type.application";
		};
		7CDFB88428B670B600C6BF63 /* GarmentsTests */ = {
			isa = PBXNativeTarget;
			buildConfigurationList = 7CDFB89C28B670B600C6BF63 /* Build configuration list for PBXNativeTarget "GarmentsTests" */;
			buildPhases = (
				7CDFB88128B670B600C6BF63 /* Sources */,
				7CDFB88228B670B600C6BF63 /* Frameworks */,
				7CDFB88328B670B600C6BF63 /* Resources */,
			);
			buildRules = (
			);
			dependencies = (
				7CDFB88728B670B600C6BF63 /* PBXTargetDependency */,
			);
			name = GarmentsTests;
			productName = GarmentsTests;
			productReference = 7CDFB88528B670B600C6BF63 /* GarmentsTests.xctest */;
			productType = "com.apple.product-type.bundle.unit-test";
		};
		7CDFB88E28B670B600C6BF63 /* GarmentsUITests */ = {
			isa = PBXNativeTarget;
			buildConfigurationList = 7CDFB89F28B670B600C6BF63 /* Build configuration list for PBXNativeTarget "GarmentsUITests" */;
			buildPhases = (
				7CDFB88B28B670B600C6BF63 /* Sources */,
				7CDFB88C28B670B600C6BF63 /* Frameworks */,
				7CDFB88D28B670B600C6BF63 /* Resources */,
			);
			buildRules = (
			);
			dependencies = (
				7CDFB89128B670B600C6BF63 /* PBXTargetDependency */,
			);
			name = GarmentsUITests;
			productName = GarmentsUITests;
			productReference = 7CDFB88F28B670B600C6BF63 /* GarmentsUITests.xctest */;
			productType = "com.apple.product-type.bundle.ui-testing";
		};
/* End PBXNativeTarget section */

/* Begin PBXProject section */
		7CDFB86428B670B400C6BF63 /* Project object */ = {
			isa = PBXProject;
			attributes = {
				BuildIndependentTargetsInParallel = 1;
				LastSwiftUpdateCheck = 1340;
				LastUpgradeCheck = 1340;
				TargetAttributes = {
					7CDFB86B28B670B400C6BF63 = {
						CreatedOnToolsVersion = 13.4.1;
					};
					7CDFB88428B670B600C6BF63 = {
						CreatedOnToolsVersion = 13.4.1;
						TestTargetID = 7CDFB86B28B670B400C6BF63;
					};
					7CDFB88E28B670B600C6BF63 = {
						CreatedOnToolsVersion = 13.4.1;
						TestTargetID = 7CDFB86B28B670B400C6BF63;
					};
				};
			};
			buildConfigurationList = 7CDFB86728B670B400C6BF63 /* Build configuration list for PBXProject "Garments" */;
			compatibilityVersion = "Xcode 13.0";
			developmentRegion = en;
			hasScannedForEncodings = 0;
			knownRegions = (
				en,
				Base,
			);
			mainGroup = 7CDFB86328B670B400C6BF63;
			productRefGroup = 7CDFB86D28B670B400C6BF63 /* Products */;
			projectDirPath = "";
			projectRoot = "";
			targets = (
				7CDFB86B28B670B400C6BF63 /* Garments */,
				7CDFB88428B670B600C6BF63 /* GarmentsTests */,
				7CDFB88E28B670B600C6BF63 /* GarmentsUITests */,
			);
		};
/* End PBXProject section */

/* Begin PBXResourcesBuildPhase section */
		7CDFB86A28B670B400C6BF63 /* Resources */ = {
			isa = PBXResourcesBuildPhase;
			buildActionMask = 2147483647;
			files = (
				7CDFB87F28B670B600C6BF63 /* LaunchScreen.storyboard in Resources */,
				7CDFB87C28B670B600C6BF63 /* Assets.xcassets in Resources */,
				7CDFB87728B670B400C6BF63 /* Main.storyboard in Resources */,
			);
			runOnlyForDeploymentPostprocessing = 0;
		};
		7CDFB88328B670B600C6BF63 /* Resources */ = {
			isa = PBXResourcesBuildPhase;
			buildActionMask = 2147483647;
			files = (
			);
			runOnlyForDeploymentPostprocessing = 0;
		};
		7CDFB88D28B670B600C6BF63 /* Resources */ = {
			isa = PBXResourcesBuildPhase;
			buildActionMask = 2147483647;
			files = (
			);
			runOnlyForDeploymentPostprocessing = 0;
		};
/* End PBXResourcesBuildPhase section */

/* Begin PBXSourcesBuildPhase section */
		7CDFB86828B670B400C6BF63 /* Sources */ = {
			isa = PBXSourcesBuildPhase;
			buildActionMask = 2147483647;
			files = (
				7CDFB87428B670B400C6BF63 /* ViewController.swift in Sources */,
				7CDFB87028B670B400C6BF63 /* AppDelegate.swift in Sources */,
				7CDFB87A28B670B400C6BF63 /* Garments.xcdatamodeld in Sources */,
				7CDFB87228B670B400C6BF63 /* SceneDelegate.swift in Sources */,
			);
			runOnlyForDeploymentPostprocessing = 0;
		};
		7CDFB88128B670B600C6BF63 /* Sources */ = {
			isa = PBXSourcesBuildPhase;
			buildActionMask = 2147483647;
			files = (
				7CDFB88A28B670B600C6BF63 /* GarmentsTests.swift in Sources */,
			);
			runOnlyForDeploymentPostprocessing = 0;
		};
		7CDFB88B28B670B600C6BF63 /* Sources */ = {
			isa = PBXSourcesBuildPhase;
			buildActionMask = 2147483647;
			files = (
				7CDFB89628B670B600C6BF63 /* GarmentsUITestsLaunchTests.swift in Sources */,
				7CDFB89428B670B600C6BF63 /* GarmentsUITests.swift in Sources */,
			);
			runOnlyForDeploymentPostprocessing = 0;
		};
/* End PBXSourcesBuildPhase section */

/* Begin PBXTargetDependency section */
		7CDFB88728B670B600C6BF63 /* PBXTargetDependency */ = {
			isa = PBXTargetDependency;
			target = 7CDFB86B28B670B400C6BF63 /* Garments */;
			targetProxy = 7CDFB88628B670B600C6BF63 /* PBXContainerItemProxy */;
		};
		7CDFB89128B670B600C6BF63 /* PBXTargetDependency */ = {
			isa = PBXTargetDependency;
			target = 7CDFB86B28B670B400C6BF63 /* Garments */;
			targetProxy = 7CDFB89028B670B600C6BF63 /* PBXContainerItemProxy */;
		};
/* End PBXTargetDependency section */

/* Begin PBXVariantGroup section */
		7CDFB87528B670B400C6BF63 /* Main.storyboard */ = {
			isa = PBXVariantGroup;
			children = (
				7CDFB87628B670B400C6BF63 /* Base */,
			);
			name = Main.storyboard;
			sourceTree = "<group>";
		};
		7CDFB87D28B670B600C6BF63 /* LaunchScreen.storyboard */ = {
			isa = PBXVariantGroup;
			children = (
				7CDFB87E28B670B600C6BF63 /* Base */,
			);
			name = LaunchScreen.storyboard;
			sourceTree = "<group>";
		};
/* End PBXVariantGroup section */

/* Begin XCBuildConfiguration section */
		7CDFB89728B670B600C6BF63 /* Debug */ = {
			isa = XCBuildConfiguration;
			buildSettings = {
				ALWAYS_SEARCH_USER_PATHS = NO;
				CLANG_ANALYZER_NONNULL = YES;
				CLANG_ANALYZER_NUMBER_OBJECT_CONVERSION = YES_AGGRESSIVE;
				CLANG_CXX_LANGUAGE_STANDARD = "gnu++17";
				CLANG_ENABLE_MODULES = YES;
				CLANG_ENABLE_OBJC_ARC = YES;
				CLANG_ENABLE_OBJC_WEAK = YES;
				CLANG_WARN_BLOCK_CAPTURE_AUTORELEASING = YES;
				CLANG_WARN_BOOL_CONVERSION = YES;
				CLANG_WARN_COMMA = YES;
				CLANG_WARN_CONSTANT_CONVERSION = YES;
				CLANG_WARN_DEPRECATED_OBJC_IMPLEMENTATIONS = YES;
				CLANG_WARN_DIRECT_OBJC_ISA_USAGE = YES_ERROR;
				CLANG_WARN_DOCUMENTATION_COMMENTS = YES;
				CLANG_WARN_EMPTY_BODY = YES;
				CLANG_WARN_ENUM_CONVERSION = YES;
				CLANG_WARN_INFINITE_RECURSION = YES;
				CLANG_WARN_INT_CONVERSION = YES;
				CLANG_WARN_NON_LITERAL_NULL_CONVERSION = YES;
				CLANG_WARN_OBJC_IMPLICIT_RETAIN_SELF = YES;
				CLANG_WARN_OBJC_LITERAL_CONVERSION = YES;
				CLANG_WARN_OBJC_ROOT_CLASS = YES_ERROR;
				CLANG_WARN_QUOTED_INCLUDE_IN_FRAMEWORK_HEADER = YES;
				CLANG_WARN_RANGE_LOOP_ANALYSIS = YES;
				CLANG_WARN_STRICT_PROTOTYPES = YES;
				CLANG_WARN_SUSPICIOUS_MOVE = YES;
				CLANG_WARN_UNGUARDED_AVAILABILITY = YES_AGGRESSIVE;
				CLANG_WARN_UNREACHABLE_CODE = YES;
				CLANG_WARN__DUPLICATE_METHOD_MATCH = YES;
				COPY_PHASE_STRIP = NO;
				DEBUG_INFORMATION_FORMAT = dwarf;
				ENABLE_STRICT_OBJC_MSGSEND = YES;
				ENABLE_TESTABILITY = YES;
				GCC_C_LANGUAGE_STANDARD = gnu11;
				GCC_DYNAMIC_NO_PIC = NO;
				GCC_NO_COMMON_BLOCKS = YES;
				GCC_OPTIMIZATION_LEVEL = 0;
				GCC_PREPROCESSOR_DEFINITIONS = (
					"DEBUG=1",
					"$(inherited)",
				);
				GCC_WARN_64_TO_32_BIT_CONVERSION = YES;
				GCC_WARN_ABOUT_RETURN_TYPE = YES_ERROR;
				GCC_WARN_UNDECLARED_SELECTOR = YES;
				GCC_WARN_UNINITIALIZED_AUTOS = YES_AGGRESSIVE;
				GCC_WARN_UNUSED_FUNCTION = YES;
				GCC_WARN_UNUSED_VARIABLE = YES;
				IPHONEOS_DEPLOYMENT_TARGET = 15.5;
				MTL_ENABLE_DEBUG_INFO = INCLUDE_SOURCE;
				MTL_FAST_MATH = YES;
				ONLY_ACTIVE_ARCH = YES;
				SDKROOT = iphoneos;
				SWIFT_ACTIVE_COMPILATION_CONDITIONS = DEBUG;
				SWIFT_OPTIMIZATION_LEVEL = "-Onone";
			};
			name = Debug;
		};
		7CDFB89828B670B600C6BF63 /* Release */ = {
			isa = XCBuildConfiguration;
			buildSettings = {
				ALWAYS_SEARCH_USER_PATHS = NO;
				CLANG_ANALYZER_NONNULL = YES;
				CLANG_ANALYZER_NUMBER_OBJECT_CONVERSION = YES_AGGRESSIVE;
				CLANG_CXX_LANGUAGE_STANDARD = "gnu++17";
				CLANG_ENABLE_MODULES = YES;
				CLANG_ENABLE_OBJC_ARC = YES;
				CLANG_ENABLE_OBJC_WEAK = YES;
				CLANG_WARN_BLOCK_CAPTURE_AUTORELEASING = YES;
				CLANG_WARN_BOOL_CONVERSION = YES;
				CLANG_WARN_COMMA = YES;
				CLANG_WARN_CONSTANT_CONVERSION = YES;
				CLANG_WARN_DEPRECATED_OBJC_IMPLEMENTATIONS = YES;
				CLANG_WARN_DIRECT_OBJC_ISA_USAGE = YES_ERROR;
				CLANG_WARN_DOCUMENTATION_COMMENTS = YES;
				CLANG_WARN_EMPTY_BODY = YES;
				CLANG_WARN_ENUM_CONVERSION = YES;
				CLANG_WARN_INFINITE_RECURSION = YES;
				CLANG_WARN_INT_CONVERSION = YES;
				CLANG_WARN_NON_LITERAL_NULL_CONVERSION = YES;
				CLANG_WARN_OBJC_IMPLICIT_RETAIN_SELF = YES;
				CLANG_WARN_OBJC_LITERAL_CONVERSION = YES;
				CLANG_WARN_OBJC_ROOT_CLASS = YES_ERROR;
				CLANG_WARN_QUOTED_INCLUDE_IN_FRAMEWORK_HEADER = YES;
				CLANG_WARN_RANGE_LOOP_ANALYSIS = YES;
				CLANG_WARN_STRICT_PROTOTYPES = YES;
				CLANG_WARN_SUSPICIOUS_MOVE = YES;
				CLANG_WARN_UNGUARDED_AVAILABILITY = YES_AGGRESSIVE;
				CLANG_WARN_UNREACHABLE_CODE = YES;
				CLANG_WARN__DUPLICATE_METHOD_MATCH = YES;
				COPY_PHASE_STRIP = NO;
				DEBUG_INFORMATION_FORMAT = "dwarf-with-dsym";
				ENABLE_NS_ASSERTIONS = NO;
				ENABLE_STRICT_OBJC_MSGSEND = YES;
				GCC_C_LANGUAGE_STANDARD = gnu11;
				GCC_NO_COMMON_BLOCKS = YES;
				GCC_WARN_64_TO_32_BIT_CONVERSION = YES;
				GCC_WARN_ABOUT_RETURN_TYPE = YES_ERROR;
				GCC_WARN_UNDECLARED_SELECTOR = YES;
				GCC_WARN_UNINITIALIZED_AUTOS = YES_AGGRESSIVE;
				GCC_WARN_UNUSED_FUNCTION = YES;
				GCC_WARN_UNUSED_VARIABLE = YES;
				IPHONEOS_DEPLOYMENT_TARGET = 15.5;
				MTL_ENABLE_DEBUG_INFO = NO;
				MTL_FAST_MATH = YES;
				SDKROOT = iphoneos;
				SWIFT_COMPILATION_MODE = wholemodule;
				SWIFT_OPTIMIZATION_LEVEL = "-O";
				VALIDATE_PRODUCT = YES;
			};
			name = Release;
		};
		7CDFB89A28B670B600C6BF63 /* Debug */ = {
			isa = XCBuildConfiguration;
			buildSettings = {
				ASSETCATALOG_COMPILER_APPICON_NAME = AppIcon;
				ASSETCATALOG_COMPILER_GLOBAL_ACCENT_COLOR_NAME = AccentColor;
				CODE_SIGN_STYLE = Automatic;
				CURRENT_PROJECT_VERSION = 1;
				GENERATE_INFOPLIST_FILE = YES;
				INFOPLIST_FILE = Garments/Info.plist;
				INFOPLIST_KEY_UIApplicationSupportsIndirectInputEvents = YES;
				INFOPLIST_KEY_UILaunchStoryboardName = LaunchScreen;
				INFOPLIST_KEY_UIMainStoryboardFile = Main;
				INFOPLIST_KEY_UISupportedInterfaceOrientations_iPad = "UIInterfaceOrientationPortrait UIInterfaceOrientationPortraitUpsideDown UIInterfaceOrientationLandscapeLeft UIInterfaceOrientationLandscapeRight";
				INFOPLIST_KEY_UISupportedInterfaceOrientations_iPhone = "UIInterfaceOrientationPortrait UIInterfaceOrientationLandscapeLeft UIInterfaceOrientationLandscapeRight";
				LD_RUNPATH_SEARCH_PATHS = (
					"$(inherited)",
					"@executable_path/Frameworks",
				);
				MARKETING_VERSION = 1.0;
				PRODUCT_BUNDLE_IDENTIFIER = ca.Demo.Garments;
				PRODUCT_NAME = "$(TARGET_NAME)";
				SWIFT_EMIT_LOC_STRINGS = YES;
				SWIFT_VERSION = 5.0;
				TARGETED_DEVICE_FAMILY = "1,2";
			};
			name = Debug;
		};
		7CDFB89B28B670B600C6BF63 /* Release */ = {
			isa = XCBuildConfiguration;
			buildSettings = {
				ASSETCATALOG_COMPILER_APPICON_NAME = AppIcon;
				ASSETCATALOG_COMPILER_GLOBAL_ACCENT_COLOR_NAME = AccentColor;
				CODE_SIGN_STYLE = Automatic;
				CURRENT_PROJECT_VERSION = 1;
				GENERATE_INFOPLIST_FILE = YES;
				INFOPLIST_FILE = Garments/Info.plist;
				INFOPLIST_KEY_UIApplicationSupportsIndirectInputEvents = YES;
				INFOPLIST_KEY_UILaunchStoryboardName = LaunchScreen;
				INFOPLIST_KEY_UIMainStoryboardFile = Main;
				INFOPLIST_KEY_UISupportedInterfaceOrientations_iPad = "UIInterfaceOrientationPortrait UIInterfaceOrientationPortraitUpsideDown UIInterfaceOrientationLandscapeLeft UIInterfaceOrientationLandscapeRight";
				INFOPLIST_KEY_UISupportedInterfaceOrientations_iPhone = "UIInterfaceOrientationPortrait UIInterfaceOrientationLandscapeLeft UIInterfaceOrientationLandscapeRight";
				LD_RUNPATH_SEARCH_PATHS = (
					"$(inherited)",
					"@executable_path/Frameworks",
				);
				MARKETING_VERSION = 1.0;
				PRODUCT_BUNDLE_IDENTIFIER = ca.Demo.Garments;
				PRODUCT_NAME = "$(TARGET_NAME)";
				SWIFT_EMIT_LOC_STRINGS = YES;
				SWIFT_VERSION = 5.0;
				TARGETED_DEVICE_FAMILY = "1,2";
			};
			name = Release;
		};
		7CDFB89D28B670B600C6BF63 /* Debug */ = {
			isa = XCBuildConfiguration;
			buildSettings = {
				ALWAYS_EMBED_SWIFT_STANDARD_LIBRARIES = YES;
				BUNDLE_LOADER = "$(TEST_HOST)";
				CODE_SIGN_STYLE = Automatic;
				CURRENT_PROJECT_VERSION = 1;
				GENERATE_INFOPLIST_FILE = YES;
				IPHONEOS_DEPLOYMENT_TARGET = 15.5;
				MARKETING_VERSION = 1.0;
				PRODUCT_BUNDLE_IDENTIFIER = ca.Demo.GarmentsTests;
				PRODUCT_NAME = "$(TARGET_NAME)";
				SWIFT_EMIT_LOC_STRINGS = NO;
				SWIFT_VERSION = 5.0;
				TARGETED_DEVICE_FAMILY = "1,2";
				TEST_HOST = "$(BUILT_PRODUCTS_DIR)/Garments.app/Garments";
			};
			name = Debug;
		};
		7CDFB89E28B670B600C6BF63 /* Release */ = {
			isa = XCBuildConfiguration;
			buildSettings = {
				ALWAYS_EMBED_SWIFT_STANDARD_LIBRARIES = YES;
				BUNDLE_LOADER = "$(TEST_HOST)";
				CODE_SIGN_STYLE = Automatic;
				CURRENT_PROJECT_VERSION = 1;
				GENERATE_INFOPLIST_FILE = YES;
				IPHONEOS_DEPLOYMENT_TARGET = 15.5;
				MARKETING_VERSION = 1.0;
				PRODUCT_BUNDLE_IDENTIFIER = ca.Demo.GarmentsTests;
				PRODUCT_NAME = "$(TARGET_NAME)";
				SWIFT_EMIT_LOC_STRINGS = NO;
				SWIFT_VERSION = 5.0;
				TARGETED_DEVICE_FAMILY = "1,2";
				TEST_HOST = "$(BUILT_PRODUCTS_DIR)/Garments.app/Garments";
			};
			name = Release;
		};
		7CDFB8A028B670B600C6BF63 /* Debug */ = {
			isa = XCBuildConfiguration;
			buildSettings = {
				ALWAYS_EMBED_SWIFT_STANDARD_LIBRARIES = YES;
				CODE_SIGN_STYLE = Automatic;
				CURRENT_PROJECT_VERSION = 1;
				GENERATE_INFOPLIST_FILE = YES;
				MARKETING_VERSION = 1.0;
				PRODUCT_BUNDLE_IDENTIFIER = ca.Demo.GarmentsUITests;
				PRODUCT_NAME = "$(TARGET_NAME)";
				SWIFT_EMIT_LOC_STRINGS = NO;
				SWIFT_VERSION = 5.0;
				TARGETED_DEVICE_FAMILY = "1,2";
				TEST_TARGET_NAME = Garments;
			};
			name = Debug;
		};
		7CDFB8A128B670B600C6BF63 /* Release */ = {
			isa = XCBuildConfiguration;
			buildSettings = {
				ALWAYS_EMBED_SWIFT_STANDARD_LIBRARIES = YES;
				CODE_SIGN_STYLE = Automatic;
				CURRENT_PROJECT_VERSION = 1;
				GENERATE_INFOPLIST_FILE = YES;
				MARKETING_VERSION = 1.0;
				PRODUCT_BUNDLE_IDENTIFIER = ca.Demo.GarmentsUITests;
				PRODUCT_NAME = "$(TARGET_NAME)";
				SWIFT_EMIT_LOC_STRINGS = NO;
				SWIFT_VERSION = 5.0;
				TARGETED_DEVICE_FAMILY = "1,2";
				TEST_TARGET_NAME = Garments;
			};
			name = Release;
		};
/* End XCBuildConfiguration section */

/* Begin XCConfigurationList section */
		7CDFB86728B670B400C6BF63 /* Build configuration list for PBXProject "Garments" */ = {
			isa = XCConfigurationList;
			buildConfigurations = (
				7CDFB89728B670B600C6BF63 /* Debug */,
				7CDFB89828B670B600C6BF63 /* Release */,
			);
			defaultConfigurationIsVisible = 0;
			defaultConfigurationName = Release;
		};
		7CDFB89928B670B600C6BF63 /* Build configuration list for PBXNativeTarget "Garments" */ = {
			isa = XCConfigurationList;
			buildConfigurations = (
				7CDFB89A28B670B600C6BF63 /* Debug */,
				7CDFB89B28B670B600C6BF63 /* Release */,
			);
			defaultConfigurationIsVisible = 0;
			defaultConfigurationName = Release;
		};
		7CDFB89C28B670B600C6BF63 /* Build configuration list for PBXNativeTarget "GarmentsTests" */ = {
			isa = XCConfigurationList;
			buildConfigurations = (
				7CDFB89D28B670B600C6BF63 /* Debug */,
				7CDFB89E28B670B600C6BF63 /* Release */,
			);
			defaultConfigurationIsVisible = 0;
			defaultConfigurationName = Release;
		};
		7CDFB89F28B670B600C6BF63 /* Build configuration list for PBXNativeTarget "GarmentsUITests" */ = {
			isa = XCConfigurationList;
			buildConfigurations = (
				7CDFB8A028B670B600C6BF63 /* Debug */,
				7CDFB8A128B670B600C6BF63 /* Release */,
			);
			defaultConfigurationIsVisible = 0;
			defaultConfigurationName = Release;
		};
/* End XCConfigurationList section */

/* Begin XCVersionGroup section */
		7CDFB87828B670B400C6BF63 /* Garments.xcdatamodeld */ = {
			isa = XCVersionGroup;
			children = (
				7CDFB87928B670B400C6BF63 /* Garments.xcdatamodel */,
			);
			currentVersion = 7CDFB87928B670B400C6BF63 /* Garments.xcdatamodel */;
			path = Garments.xcdatamodeld;
			sourceTree = "<group>";
			versionGroupType = wrapper.xcdatamodel;
		};
/* End XCVersionGroup section */
	};
	rootObject = 7CDFB86428B670B400C6BF63 /* Project object */;
}
